github.com/davecgh/go-spew v1.1.1 h1:vj9j/u1bqnvCEfJOwUhtlOARqs3+rkHYY13jYWTU97c=
github.com/davecgh/go-spew v1.1.1/go.mod h1:J7Y8YcW2NihsgmVo/mv3lAwl/skON4iLHjSsI+c5H38=
github.com/gobwas/httphead v0.1.0 h1:exrUm0f4YX0L7EBwZHuCF4GDp8aJfVeBrlLQrs6NqWU=
github.com/gobwas/httphead v0.1.0/go.mod h1:O/RXo79gxV8G+RqlR/otEwx4Q36zl9rqC5u12GKvMCM=
github.com/gobwas/pool v0.2.1 h1:xfeeEhW7pwmX8nuLVlqbzVc7udMDrwetjEv+TZIz1og=
github.com/gobwas/pool v0.2.1/go.mod h1:q8bcK0KcYlCgd9e7WYLm9LpyS+YeLd8JVDW6WezmKEw=
github.com/gobwas/ws v1.2.1 h1:F2aeBZrm2NDsc7vbovKrWSogd4wvfAxg0FQ89/iqOTk=
github.com/gobwas/ws v1.2.1/go.mod h1:hRKAFb8wOxFROYNsT1bqfWnhX+b5MFeJM9r2ZSwg/KY=
github.com/goccy/go-json v0.10.2 h1:CrxCmQqYDkv1z7lO7Wbh2HN93uovUHgrECaO5ZrCXAU=
github.com/goccy/go-json v0.10.2/go.mod h1:6MelG93GURQebXPDq3khkgXZkazVtN9CRI+MGFi0w8I=
github.com/lemon-mint/envaddr v0.0.0-20220115112619-b1acf77f317e h1:WHTlxOrYAnJkd+5dFnSIWA2+mAdgpUlChJpzjnNrSGE=
github.com/lemon-mint/envaddr v0.0.0-20220115112619-b1acf77f317e/go.mod h1:kzf0S/z9swcXpeo2+e1fY63g5/ZfIop37MgBmXLmDL0=
github.com/lemon-mint/godotenv v1.0.3 h1:wJBuGdp5eez/ycl9c8502qLj1RBPRHLDHTR6eoD/pwM=
github.com/lemon-mint/godotenv v1.0.3/go.mod h1:hBLJjPZkQ2QMrEwirLCQ+tRkWBKufZ1VxoqpZixGUYo=
github.com/libp2p/go-reuseport v0.3.0 h1:iiZslO5byUYZEg9iCwJGf5h+sf1Agmqx2V2FDjPyvUw=
github.com/libp2p/go-reuseport v0.3.0/go.mod h1:laea40AimhtfEqysZ71UpYj4S+R9VpH8PgqLo7L+SwI=
github.com/pmezard/go-difflib v1.0.0 h1:4DBwDE0NGyQoBHbLQYPwSUPoCMWR5BEzIk/f1lZbAQM=
github.com/stretchr/testify v1.7.0 h1:nwc3DEeHmmLAfoZucVR881uASk0Mfjw8xYJ99tb5CcY=
golang.org/x/sys v0.6.0 h1:MVltZSvRTcU2ljQOhs94SXPftV6DCNnZViHeQps87pQ=
golang.org/x/sys v0.6.0/go.mod h1:oPkhp1MJrh7nUepCBck5+mAzfO9JrbApNNgaTdGDITg=
gopkg.in/yaml.v3 v3.0.0-20200313102051-9f266ea9e77c h1:dUUwHk2QECo/6vqA44rthZ8ie2QXMNeKRTHCNY2nXvo=
